
Microsoft Visual Studio Solution File, Format Version 12.00
# Visual Studio Version 17
VisualStudioVersion = 17.8.34330.188
MinimumVisualStudioVersion = 10.0.40219.1
Project("{FAE04EC0-301F-11D3-BF4B-00C04F79EFBC}") = "DailyCurrency", "DailyCurrency\DailyCurrency.csproj", "{634AA12A-DB1C-49B9-A1F1-DF5E0064F2CF}"
EndProject
Global
	GlobalSection(SolutionConfigurationPlatforms) = preSolution
		Debug|Any CPU = Debug|Any CPU
		Release|Any CPU = Release|Any CPU
	EndGlobalSection
	GlobalSection(ProjectConfigurationPlatforms) = postSolution
		{634AA12A-DB1C-49B9-A1F1-DF5E0064F2CF}.Debug|Any CPU.ActiveCfg = Debug|Any CPU
		{634AA12A-DB1C-49B9-A1F1-DF5E0064F2CF}.Debug|Any CPU.Build.0 = Debug|Any CPU
		{634AA12A-DB1C-49B9-A1F1-DF5E0064F2CF}.Release|Any CPU.ActiveCfg = Release|Any CPU
		{634AA12A-DB1C-49B9-A1F1-DF5E0064F2CF}.Release|Any CPU.Build.0 = Release|Any CPU
	EndGlobalSection
	GlobalSection(SolutionProperties) = preSolution
		HideSolutionNode = FALSE
	EndGlobalSection
	GlobalSection(ExtensibilityGlobals) = postSolution
		SolutionGuid = {22CD19FA-B448-40B2-801E-0C0846168B73}
	EndGlobalSection
EndGlobal
